
Microsoft Visual Studio Solution File, Format Version 12.00
# Visual Studio 15
VisualStudioVersion = 15.0.28307.271
MinimumVisualStudioVersion = 10.0.40219.1
Project("{FAE04EC0-301F-11D3-BF4B-00C04F79EFBC}") = "DL.ModernStore.Domain", "src\DL.ModernStore.Domain\DL.ModernStore.Domain.csproj", "{40A103A3-CD1A-4927-BD84-928DE6759F46}"
EndProject
Project("{FAE04EC0-301F-11D3-BF4B-00C04F79EFBC}") = "DL.ModernStores.Shared", "src\DL.ModernStores.Shared\DL.ModernStores.Shared.csproj", "{AFFD55F9-ACB7-435D-87A4-AAEEC2752D30}"
EndProject
Project("{FAE04EC0-301F-11D3-BF4B-00C04F79EFBC}") = "DL.ModernStore.Domain.Tests", "src\DL.ModernStore.Domain.Tests\DL.ModernStore.Domain.Tests.csproj", "{FDC7516D-69CF-4662-A08C-73517394E8F7}"
EndProject
Project("{FAE04EC0-301F-11D3-BF4B-00C04F79EFBC}") = "DL.ModernStore.Infra", "src\DL.ModernStore.Infra\DL.ModernStore.Infra.csproj", "{68F29AD2-A351-4E6A-8B04-F26A58927E2E}"
EndProject
Project("{2150E333-8FDC-42A3-9474-1A3956D46DE8}") = "1. API", "1. API", "{C4447B9D-DBE3-440C-A86B-353A9985F1BF}"
EndProject
Project("{2150E333-8FDC-42A3-9474-1A3956D46DE8}") = "2.Domain", "2.Domain", "{190D7C69-830A-47CB-8F9B-8911245E0FF1}"
EndProject
Project("{2150E333-8FDC-42A3-9474-1A3956D46DE8}") = "3.Infra", "3.Infra", "{A664930D-F9C5-4207-B419-4994D4110BDF}"
EndProject
Project("{FAE04EC0-301F-11D3-BF4B-00C04F79EFBC}") = "DL.ModernStore.API", "src\DL.ModernStore.API\DL.ModernStore.API.csproj", "{0C98C20C-1067-45BB-8416-4F6A2A7EFF0A}"
EndProject
Global
	GlobalSection(SolutionConfigurationPlatforms) = preSolution
		Debug|Any CPU = Debug|Any CPU
		Release|Any CPU = Release|Any CPU
	EndGlobalSection
	GlobalSection(ProjectConfigurationPlatforms) = postSolution
		{40A103A3-CD1A-4927-BD84-928DE6759F46}.Debug|Any CPU.ActiveCfg = Debug|Any CPU
		{40A103A3-CD1A-4927-BD84-928DE6759F46}.Debug|Any CPU.Build.0 = Debug|Any CPU
		{40A103A3-CD1A-4927-BD84-928DE6759F46}.Release|Any CPU.ActiveCfg = Release|Any CPU
		{40A103A3-CD1A-4927-BD84-928DE6759F46}.Release|Any CPU.Build.0 = Release|Any CPU
		{AFFD55F9-ACB7-435D-87A4-AAEEC2752D30}.Debug|Any CPU.ActiveCfg = Debug|Any CPU
		{AFFD55F9-ACB7-435D-87A4-AAEEC2752D30}.Debug|Any CPU.Build.0 = Debug|Any CPU
		{AFFD55F9-ACB7-435D-87A4-AAEEC2752D30}.Release|Any CPU.ActiveCfg = Release|Any CPU
		{AFFD55F9-ACB7-435D-87A4-AAEEC2752D30}.Release|Any CPU.Build.0 = Release|Any CPU
		{FDC7516D-69CF-4662-A08C-73517394E8F7}.Debug|Any CPU.ActiveCfg = Debug|Any CPU
		{FDC7516D-69CF-4662-A08C-73517394E8F7}.Debug|Any CPU.Build.0 = Debug|Any CPU
		{FDC7516D-69CF-4662-A08C-73517394E8F7}.Release|Any CPU.ActiveCfg = Release|Any CPU
		{FDC7516D-69CF-4662-A08C-73517394E8F7}.Release|Any CPU.Build.0 = Release|Any CPU
		{68F29AD2-A351-4E6A-8B04-F26A58927E2E}.Debug|Any CPU.ActiveCfg = Debug|Any CPU
		{68F29AD2-A351-4E6A-8B04-F26A58927E2E}.Debug|Any CPU.Build.0 = Debug|Any CPU
		{68F29AD2-A351-4E6A-8B04-F26A58927E2E}.Release|Any CPU.ActiveCfg = Release|Any CPU
		{68F29AD2-A351-4E6A-8B04-F26A58927E2E}.Release|Any CPU.Build.0 = Release|Any CPU
		{0C98C20C-1067-45BB-8416-4F6A2A7EFF0A}.Debug|Any CPU.ActiveCfg = Debug|Any CPU
		{0C98C20C-1067-45BB-8416-4F6A2A7EFF0A}.Debug|Any CPU.Build.0 = Debug|Any CPU
		{0C98C20C-1067-45BB-8416-4F6A2A7EFF0A}.Release|Any CPU.ActiveCfg = Release|Any CPU
		{0C98C20C-1067-45BB-8416-4F6A2A7EFF0A}.Release|Any CPU.Build.0 = Release|Any CPU
	EndGlobalSection
	GlobalSection(SolutionProperties) = preSolution
		HideSolutionNode = FALSE
	EndGlobalSection
	GlobalSection(NestedProjects) = preSolution
		{40A103A3-CD1A-4927-BD84-928DE6759F46} = {190D7C69-830A-47CB-8F9B-8911245E0FF1}
		{AFFD55F9-ACB7-435D-87A4-AAEEC2752D30} = {190D7C69-830A-47CB-8F9B-8911245E0FF1}
		{FDC7516D-69CF-4662-A08C-73517394E8F7} = {190D7C69-830A-47CB-8F9B-8911245E0FF1}
		{68F29AD2-A351-4E6A-8B04-F26A58927E2E} = {A664930D-F9C5-4207-B419-4994D4110BDF}
		{0C98C20C-1067-45BB-8416-4F6A2A7EFF0A} = {C4447B9D-DBE3-440C-A86B-353A9985F1BF}
	EndGlobalSection
	GlobalSection(ExtensibilityGlobals) = postSolution
		SolutionGuid = {64BAC771-147D-414B-B935-A07F682FFD68}
	EndGlobalSection
EndGlobal
